// !$*UTF8*$!
{
	archiveVersion = 1;
	classes = {
	};
	objectVersion = 46;
	objects = {

/* Begin PBXBuildFile section */
		302488AF1CBE6836002343AE /* AppDelegate.swift in Sources */ = {isa = PBXBuildFile; fileRef = 302488AE1CBE6836002343AE /* AppDelegate.swift */; };
		302488B11CBE6836002343AE /* ViewController.swift in Sources */ = {isa = PBXBuildFile; fileRef = 302488B01CBE6836002343AE /* ViewController.swift */; };
		302488B41CBE6836002343AE /* Main.storyboard in Resources */ = {isa = PBXBuildFile; fileRef = 302488B21CBE6836002343AE /* Main.storyboard */; };
		302488B61CBE6836002343AE /* Assets.xcassets in Resources */ = {isa = PBXBuildFile; fileRef = 302488B51CBE6836002343AE /* Assets.xcassets */; };
		302488B91CBE6836002343AE /* LaunchScreen.storyboard in Resources */ = {isa = PBXBuildFile; fileRef = 302488B71CBE6836002343AE /* LaunchScreen.storyboard */; };
		302488C11CBE6867002343AE /* RGAppVersion.swift in Sources */ = {isa = PBXBuildFile; fileRef = 302488C01CBE6867002343AE /* RGAppVersion.swift */; };
/* End PBXBuildFile section */

/* Begin PBXFileReference section */
		302488AB1CBE6836002343AE /* AppVersion.app */ = {isa = PBXFileReference; explicitFileType = wrapper.application; includeInIndex = 0; path = AppVersion.app; sourceTree = BUILT_PRODUCTS_DIR; };
		302488AE1CBE6836002343AE /* AppDelegate.swift */ = {isa = PBXFileReference; lastKnownFileType = sourcecode.swift; path = AppDelegate.swift; sourceTree = "<group>"; };
		302488B01CBE6836002343AE /* ViewController.swift */ = {isa = PBXFileReference; lastKnownFileType = sourcecode.swift; path = ViewController.swift; sourceTree = "<group>"; };
		302488B31CBE6836002343AE /* Base */ = {isa = PBXFileReference; lastKnownFileType = file.storyboard; name = Base; path = Base.lproj/Main.storyboard; sourceTree = "<group>"; };
		302488B51CBE6836002343AE /* Assets.xcassets */ = {isa = PBXFileReference; lastKnownFileType = folder.assetcatalog; path = Assets.xcassets; sourceTree = "<group>"; };
		302488B81CBE6836002343AE /* Base */ = {isa = PBXFileReference; lastKnownFileType = file.storyboard; name = Base; path = Base.lproj/LaunchScreen.storyboard; sourceTree = "<group>"; };
		302488BA1CBE6836002343AE /* Info.plist */ = {isa = PBXFileReference; lastKnownFileType = text.plist.xml; path = Info.plist; sourceTree = "<group>"; };
		302488C01CBE6867002343AE /* RGAppVersion.swift */ = {isa = PBXFileReference; fileEncoding = 4; lastKnownFileType = sourcecode.swift; path = RGAppVersion.swift; sourceTree = "<group>"; };
/* End PBXFileReference section */

/* Begin PBXFrameworksBuildPhase section */
		302488A81CBE6836002343AE /* Frameworks */ = {
			isa = PBXFrameworksBuildPhase;
			buildActionMask = 2147483647;
			files = (
			);
			runOnlyForDeploymentPostprocessing = 0;
		};
/* End PBXFrameworksBuildPhase section */

/* Begin PBXGroup section */
		302488A21CBE6836002343AE = {
			isa = PBXGroup;
			children = (
				302488AD1CBE6836002343AE /* AppVersion */,
				302488AC1CBE6836002343AE /* Products */,
			);
			sourceTree = "<group>";
		};
		302488AC1CBE6836002343AE /* Products */ = {
			isa = PBXGroup;
			children = (
				302488AB1CBE6836002343AE /* AppVersion.app */,
			);
			name = Products;
			sourceTree = "<group>";
		};
		302488AD1CBE6836002343AE /* AppVersion */ = {
			isa = PBXGroup;
			children = (
				302488AE1CBE6836002343AE /* AppDelegate.swift */,
				302488B01CBE6836002343AE /* ViewController.swift */,
				302488C01CBE6867002343AE /* RGAppVersion.swift */,
				302488B21CBE6836002343AE /* Main.storyboard */,
				302488B51CBE6836002343AE /* Assets.xcassets */,
				302488B71CBE6836002343AE /* LaunchScreen.storyboard */,
				302488BA1CBE6836002343AE /* Info.plist */,
			);
			path = AppVersion;
			sourceTree = "<group>";
		};
/* End PBXGroup section */

/* Begin PBXNativeTarget section */
		302488AA1CBE6836002343AE /* AppVersion */ = {
			isa = PBXNativeTarget;
			buildConfigurationList = 302488BD1CBE6836002343AE /* Build configuration list for PBXNativeTarget "AppVersion" */;
			buildPhases = (
				302488A71CBE6836002343AE /* Sources */,
				302488A81CBE6836002343AE /* Frameworks */,
				302488A91CBE6836002343AE /* Resources */,
			);
			buildRules = (
			);
			dependencies = (
			);
			name = AppVersion;
			productName = AppVersion;
			productReference = 302488AB1CBE6836002343AE /* AppVersion.app */;
			productType = "com.apple.product-type.application";
		};
/* End PBXNativeTarget section */

/* Begin PBXProject section */
		302488A31CBE6836002343AE /* Project object */ = {
			isa = PBXProject;
			attributes = {
				LastSwiftUpdateCheck = 0730;
				LastUpgradeCheck = 0730;
				ORGANIZATIONNAME = "Roman Gille";
				TargetAttributes = {
					302488AA1CBE6836002343AE = {
						CreatedOnToolsVersion = 7.3;
					};
				};
			};
			buildConfigurationList = 302488A61CBE6836002343AE /* Build configuration list for PBXProject "AppVersion" */;
			compatibilityVersion = "Xcode 3.2";
			developmentRegion = English;
			hasScannedForEncodings = 0;
			knownRegions = (
				en,
				Base,
			);
			mainGroup = 302488A21CBE6836002343AE;
			productRefGroup = 302488AC1CBE6836002343AE /* Products */;
			projectDirPath = "";
			projectRoot = "";
			targets = (
				302488AA1CBE6836002343AE /* AppVersion */,
			);
		};
/* End PBXProject section */

/* Begin PBXResourcesBuildPhase section */
		302488A91CBE6836002343AE /* Resources */ = {
			isa = PBXResourcesBuildPhase;
			buildActionMask = 2147483647;
			files = (
				302488B91CBE6836002343AE /* LaunchScreen.storyboard in Resources */,
				302488B61CBE6836002343AE /* Assets.xcassets in Resources */,
				302488B41CBE6836002343AE /* Main.storyboard in Resources */,
			);
			runOnlyForDeploymentPostprocessing = 0;
		};
/* End PBXResourcesBuildPhase section */

/* Begin PBXSourcesBuildPhase section */
		302488A71CBE6836002343AE /* Sources */ = {
			isa = PBXSourcesBuildPhase;
			buildActionMask = 2147483647;
			files = (
				302488B11CBE6836002343AE /* ViewController.swift in Sources */,
				302488C11CBE6867002343AE /* RGAppVersion.swift in Sources */,
				302488AF1CBE6836002343AE /* AppDelegate.swift in Sources */,
			);
			runOnlyForDeploymentPostprocessing = 0;
		};
/* End PBXSourcesBuildPhase section */

/* Begin PBXVariantGroup section */
		302488B21CBE6836002343AE /* Main.storyboard */ = {
			isa = PBXVariantGroup;
			children = (
				302488B31CBE6836002343AE /* Base */,
			);
			name = Main.storyboard;
			sourceTree = "<group>";
		};
		302488B71CBE6836002343AE /* LaunchScreen.storyboard */ = {
			isa = PBXVariantGroup;
			children = (
				302488B81CBE6836002343AE /* Base */,
			);
			name = LaunchScreen.storyboard;
			sourceTree = "<group>";
		};
/* End PBXVariantGroup section */

/* Begin XCBuildConfiguration section */
		302488BB1CBE6836002343AE /* Debug */ = {
			isa = XCBuildConfiguration;
			buildSettings = {
				ALWAYS_SEARCH_USER_PATHS = NO;
				CLANG_ANALYZER_NONNULL = YES;
				CLANG_CXX_LANGUAGE_STANDARD = "gnu++0x";
				CLANG_CXX_LIBRARY = "libc++";
				CLANG_ENABLE_MODULES = YES;
				CLANG_ENABLE_OBJC_ARC = YES;
				CLANG_WARN_BOOL_CONVERSION = YES;
				CLANG_WARN_CONSTANT_CONVERSION = YES;
				CLANG_WARN_DIRECT_OBJC_ISA_USAGE = YES_ERROR;
				CLANG_WARN_EMPTY_BODY = YES;
				CLANG_WARN_ENUM_CONVERSION = YES;
				CLANG_WARN_INT_CONVERSION = YES;
				CLANG_WARN_OBJC_ROOT_CLASS = YES_ERROR;
				CLANG_WARN_UNREACHABLE_CODE = YES;
				CLANG_WARN__DUPLICATE_METHOD_MATCH = YES;
				"CODE_SIGN_IDENTITY[sdk=iphoneos*]" = "iPhone Developer";
				COPY_PHASE_STRIP = NO;
				DEBUG_INFORMATION_FORMAT = dwarf;
				ENABLE_STRICT_OBJC_MSGSEND = YES;
				ENABLE_TESTABILITY = YES;
				GCC_C_LANGUAGE_STANDARD = gnu99;
				GCC_DYNAMIC_NO_PIC = NO;
				GCC_NO_COMMON_BLOCKS = YES;
				GCC_OPTIMIZATION_LEVEL = 0;
				GCC_PREPROCESSOR_DEFINITIONS = (
					"DEBUG=1",
					"$(inherited)",
				);
				GCC_WARN_64_TO_32_BIT_CONVERSION = YES;
				GCC_WARN_ABOUT_RETURN_TYPE = YES_ERROR;
				GCC_WARN_UNDECLARED_SELECTOR = YES;
				GCC_WARN_UNINITIALIZED_AUTOS = YES_AGGRESSIVE;
				GCC_WARN_UNUSED_FUNCTION = YES;
				GCC_WARN_UNUSED_VARIABLE = YES;
				IPHONEOS_DEPLOYMENT_TARGET = 9.3;
				MTL_ENABLE_DEBUG_INFO = YES;
				ONLY_ACTIVE_ARCH = YES;
				SDKROOT = iphoneos;
				SWIFT_OPTIMIZATION_LEVEL = "-Onone";
			};
			name = Debug;
		};
		302488BC1CBE6836002343AE /* Release */ = {
			isa = XCBuildConfiguration;
			buildSettings = {
				ALWAYS_SEARCH_USER_PATHS = NO;
				CLANG_ANALYZER_NONNULL = YES;
				CLANG_CXX_LANGUAGE_STANDARD = "gnu++0x";
				CLANG_CXX_LIBRARY = "libc++";
				CLANG_ENABLE_MODULES = YES;
				CLANG_ENABLE_OBJC_ARC = YES;
				CLANG_WARN_BOOL_CONVERSION = YES;
				CLANG_WARN_CONSTANT_CONVERSION = YES;
				CLANG_WARN_DIRECT_OBJC_ISA_USAGE = YES_ERROR;
				CLANG_WARN_EMPTY_BODY = YES;
				CLANG_WARN_ENUM_CONVERSION = YES;
				CLANG_WARN_INT_CONVERSION = YES;
				CLANG_WARN_OBJC_ROOT_CLASS = YES_ERROR;
				CLANG_WARN_UNREACHABLE_CODE = YES;
				CLANG_WARN__DUPLICATE_METHOD_MATCH = YES;
				"CODE_SIGN_IDENTITY[sdk=iphoneos*]" = "iPhone Developer";
				COPY_PHASE_STRIP = NO;
				DEBUG_INFORMATION_FORMAT = "dwarf-with-dsym";
				ENABLE_NS_ASSERTIONS = NO;
				ENABLE_STRICT_OBJC_MSGSEND = YES;
				GCC_C_LANGUAGE_STANDARD = gnu99;
				GCC_NO_COMMON_BLOCKS = YES;
				GCC_WARN_64_TO_32_BIT_CONVERSION = YES;
				GCC_WARN_ABOUT_RETURN_TYPE = YES_ERROR;
				GCC_WARN_UNDECLARED_SELECTOR = YES;
				GCC_WARN_UNINITIALIZED_AUTOS = YES_AGGRESSIVE;
				GCC_WARN_UNUSED_FUNCTION = YES;
				GCC_WARN_UNUSED_VARIABLE = YES;
				IPHONEOS_DEPLOYMENT_TARGET = 9.3;
				MTL_ENABLE_DEBUG_INFO = NO;
				SDKROOT = iphoneos;
				VALIDATE_PRODUCT = YES;
			};
			name = Release;
		};
		302488BE1CBE6836002343AE /* Debug */ = {
			isa = XCBuildConfiguration;
			buildSettings = {
				ASSETCATALOG_COMPILER_APPICON_NAME = AppIcon;
				INFOPLIST_FILE = AppVersion/Info.plist;
				IPHONEOS_DEPLOYMENT_TARGET = 7.1;
				LD_RUNPATH_SEARCH_PATHS = "$(inherited) @executable_path/Frameworks";
				PRODUCT_BUNDLE_IDENTIFIER = rg.AppVersion;
				PRODUCT_NAME = "$(TARGET_NAME)";
			};
			name = Debug;
		};
		302488BF1CBE6836002343AE /* Release */ = {
			isa = XCBuildConfiguration;
			buildSettings = {
				ASSETCATALOG_COMPILER_APPICON_NAME = AppIcon;
				INFOPLIST_FILE = AppVersion/Info.plist;
				IPHONEOS_DEPLOYMENT_TARGET = 7.1;
				LD_RUNPATH_SEARCH_PATHS = "$(inherited) @executable_path/Frameworks";
				PRODUCT_BUNDLE_IDENTIFIER = rg.AppVersion;
				PRODUCT_NAME = "$(TARGET_NAME)";
			};
			name = Release;
		};
/* End XCBuildConfiguration section */

/* Begin XCConfigurationList section */
		302488A61CBE6836002343AE /* Build configuration list for PBXProject "AppVersion" */ = {
			isa = XCConfigurationList;
			buildConfigurations = (
				302488BB1CBE6836002343AE /* Debug */,
				302488BC1CBE6836002343AE /* Release */,
			);
			defaultConfigurationIsVisible = 0;
			defaultConfigurationName = Release;
		};
		302488BD1CBE6836002343AE /* Build configuration list for PBXNativeTarget "AppVersion" */ = {
			isa = XCConfigurationList;
			buildConfigurations = (
				302488BE1CBE6836002343AE /* Debug */,
				302488BF1CBE6836002343AE /* Release */,
			);
			defaultConfigurationIsVisible = 0;
		};
/* End XCConfigurationList section */
	};
	rootObject = 302488A31CBE6836002343AE /* Project object */;
}
